
Microsoft Visual Studio Solution File, Format Version 12.00
# Visual Studio 15
VisualStudioVersion = 15.0.28010.2003
MinimumVisualStudioVersion = 10.0.40219.1
Project("{FAE04EC0-301F-11D3-BF4B-00C04F79EFBC}") = "Thrives.XrmToolBox.EntityUsage", "Thrives.XrmToolBox.EntityUsage\Thrives.XrmToolBox.EntityUsage.csproj", "{69484443-0E21-4D9C-8CDC-CE29EFFD99EF}"
EndProject
Global
	GlobalSection(SolutionConfigurationPlatforms) = preSolution
		Debug|Any CPU = Debug|Any CPU
		Release|Any CPU = Release|Any CPU
	EndGlobalSection
	GlobalSection(ProjectConfigurationPlatforms) = postSolution
		{69484443-0E21-4D9C-8CDC-CE29EFFD99EF}.Debug|Any CPU.ActiveCfg = Debug|Any CPU
		{69484443-0E21-4D9C-8CDC-CE29EFFD99EF}.Debug|Any CPU.Build.0 = Debug|Any CPU
		{69484443-0E21-4D9C-8CDC-CE29EFFD99EF}.Release|Any CPU.ActiveCfg = Release|Any CPU
		{69484443-0E21-4D9C-8CDC-CE29EFFD99EF}.Release|Any CPU.Build.0 = Release|Any CPU
	EndGlobalSection
	GlobalSection(SolutionProperties) = preSolution
		HideSolutionNode = FALSE
	EndGlobalSection
	GlobalSection(ExtensibilityGlobals) = postSolution
		SolutionGuid = {76496A40-0B35-44E9-BBA0-E1AC17ED8404}
	EndGlobalSection
EndGlobal
